
Microsoft Visual Studio Solution File, Format Version 12.00
# Visual Studio 15
VisualStudioVersion = 15.0.28307.1169
MinimumVisualStudioVersion = 10.0.40219.1
Project("{FAE04EC0-301F-11D3-BF4B-00C04F79EFBC}") = "lesson2", "lesson2\lesson2.csproj", "{20DE485E-74B8-4114-94E6-79AA64A1B861}"
EndProject
Project("{FAE04EC0-301F-11D3-BF4B-00C04F79EFBC}") = "lesson3", "lesson3\lesson3.csproj", "{CDADA8B4-2014-473E-BAFD-13601AAFE938}"
EndProject
Project("{FAE04EC0-301F-11D3-BF4B-00C04F79EFBC}") = "lesson4", "lesson4\lesson4.csproj", "{2BF01C78-75E4-4C79-8474-B3B4EDE1EB7C}"
EndProject
Project("{FAE04EC0-301F-11D3-BF4B-00C04F79EFBC}") = "lesson5TypeConvention", "lesson5TypeConvention\lesson5TypeConvention.csproj", "{D97B70E4-0345-4A4D-A376-5CB93F9F0972}"
EndProject
Project("{FAE04EC0-301F-11D3-BF4B-00C04F79EFBC}") = "lesson5Statement", "lesson5Statement\lesson5Statement.csproj", "{9AF9C8E5-C0D5-4CC7-95F5-33B16E6F55F0}"
EndProject
Project("{FAE04EC0-301F-11D3-BF4B-00C04F79EFBC}") = "lesson6collection", "lesson6collection\lesson6collection.csproj", "{9D0FEA63-3331-460C-8CBA-E87D78C9AF3F}"
EndProject
Project("{FAE04EC0-301F-11D3-BF4B-00C04F79EFBC}") = "lesson7Encapsulation", "lesson7Encapsulation\lesson7Encapsulation.csproj", "{DC744363-7807-4B91-BAA0-84297507DF22}"
EndProject
Project("{9A19103F-16F7-4668-BE54-9A1E7A4F7556}") = "AnotherAssembly", "AnotherAssembly\AnotherAssembly.csproj", "{FFD562AE-ECC0-4B15-8AEE-2BC2FFF4CDCD}"
EndProject
Project("{FAE04EC0-301F-11D3-BF4B-00C04F79EFBC}") = "lesson9Inheritance", "lesson9Inheritance\lesson9Inheritance.csproj", "{414DEAED-73F5-450A-BDC2-9C17A06D626C}"
EndProject
Project("{FAE04EC0-301F-11D3-BF4B-00C04F79EFBC}") = "lesson9Polymorphism", "lesson9Polymorphism\lesson9Polymorphism.csproj", "{D317D9ED-A6F5-42A7-8DE5-13CB4249C5DA}"
EndProject
Project("{FAE04EC0-301F-11D3-BF4B-00C04F79EFBC}") = "ExceptionHandle", "ExceptionHandle\ExceptionHandle.csproj", "{5EB1BAA4-3D18-462D-A404-692A329CDD4B}"
EndProject
Project("{FAE04EC0-301F-11D3-BF4B-00C04F79EFBC}") = "IO", "IO\IO.csproj", "{656086BE-2DBD-4386-BA70-F366636678F1}"
EndProject
Project("{FAE04EC0-301F-11D3-BF4B-00C04F79EFBC}") = "IOwrite", "IOwrite\IOwrite.csproj", "{64639A64-21FA-4AE3-8361-E6AF9E37CD83}"
EndProject
Project("{FAE04EC0-301F-11D3-BF4B-00C04F79EFBC}") = "IOread", "IOread\IOread.csproj", "{44B42174-4E7A-4F4B-AD9C-6CB6A1E8F829}"
EndProject
Project("{FAE04EC0-301F-11D3-BF4B-00C04F79EFBC}") = "Indexer", "Indexer\Indexer.csproj", "{A2FBECBA-5FAA-4DEB-85B6-1399C8D3AF99}"
EndProject
Project("{FAE04EC0-301F-11D3-BF4B-00C04F79EFBC}") = "Delegate", "Delegate\Delegate.csproj", "{276CC194-7F7D-4956-B170-5EBD4B13F35B}"
EndProject
Global
	GlobalSection(SolutionConfigurationPlatforms) = preSolution
		Debug|Any CPU = Debug|Any CPU
		Release|Any CPU = Release|Any CPU
	EndGlobalSection
	GlobalSection(ProjectConfigurationPlatforms) = postSolution
		{20DE485E-74B8-4114-94E6-79AA64A1B861}.Debug|Any CPU.ActiveCfg = Debug|Any CPU
		{20DE485E-74B8-4114-94E6-79AA64A1B861}.Debug|Any CPU.Build.0 = Debug|Any CPU
		{20DE485E-74B8-4114-94E6-79AA64A1B861}.Release|Any CPU.ActiveCfg = Release|Any CPU
		{20DE485E-74B8-4114-94E6-79AA64A1B861}.Release|Any CPU.Build.0 = Release|Any CPU
		{CDADA8B4-2014-473E-BAFD-13601AAFE938}.Debug|Any CPU.ActiveCfg = Debug|Any CPU
		{CDADA8B4-2014-473E-BAFD-13601AAFE938}.Debug|Any CPU.Build.0 = Debug|Any CPU
		{CDADA8B4-2014-473E-BAFD-13601AAFE938}.Release|Any CPU.ActiveCfg = Release|Any CPU
		{CDADA8B4-2014-473E-BAFD-13601AAFE938}.Release|Any CPU.Build.0 = Release|Any CPU
		{2BF01C78-75E4-4C79-8474-B3B4EDE1EB7C}.Debug|Any CPU.ActiveCfg = Debug|Any CPU
		{2BF01C78-75E4-4C79-8474-B3B4EDE1EB7C}.Debug|Any CPU.Build.0 = Debug|Any CPU
		{2BF01C78-75E4-4C79-8474-B3B4EDE1EB7C}.Release|Any CPU.ActiveCfg = Release|Any CPU
		{2BF01C78-75E4-4C79-8474-B3B4EDE1EB7C}.Release|Any CPU.Build.0 = Release|Any CPU
		{D97B70E4-0345-4A4D-A376-5CB93F9F0972}.Debug|Any CPU.ActiveCfg = Debug|Any CPU
		{D97B70E4-0345-4A4D-A376-5CB93F9F0972}.Debug|Any CPU.Build.0 = Debug|Any CPU
		{D97B70E4-0345-4A4D-A376-5CB93F9F0972}.Release|Any CPU.ActiveCfg = Release|Any CPU
		{D97B70E4-0345-4A4D-A376-5CB93F9F0972}.Release|Any CPU.Build.0 = Release|Any CPU
		{9AF9C8E5-C0D5-4CC7-95F5-33B16E6F55F0}.Debug|Any CPU.ActiveCfg = Debug|Any CPU
		{9AF9C8E5-C0D5-4CC7-95F5-33B16E6F55F0}.Debug|Any CPU.Build.0 = Debug|Any CPU
		{9AF9C8E5-C0D5-4CC7-95F5-33B16E6F55F0}.Release|Any CPU.ActiveCfg = Release|Any CPU
		{9AF9C8E5-C0D5-4CC7-95F5-33B16E6F55F0}.Release|Any CPU.Build.0 = Release|Any CPU
		{9D0FEA63-3331-460C-8CBA-E87D78C9AF3F}.Debug|Any CPU.ActiveCfg = Debug|Any CPU
		{9D0FEA63-3331-460C-8CBA-E87D78C9AF3F}.Debug|Any CPU.Build.0 = Debug|Any CPU
		{9D0FEA63-3331-460C-8CBA-E87D78C9AF3F}.Release|Any CPU.ActiveCfg = Release|Any CPU
		{9D0FEA63-3331-460C-8CBA-E87D78C9AF3F}.Release|Any CPU.Build.0 = Release|Any CPU
		{DC744363-7807-4B91-BAA0-84297507DF22}.Debug|Any CPU.ActiveCfg = Debug|Any CPU
		{DC744363-7807-4B91-BAA0-84297507DF22}.Debug|Any CPU.Build.0 = Debug|Any CPU
		{DC744363-7807-4B91-BAA0-84297507DF22}.Release|Any CPU.ActiveCfg = Release|Any CPU
		{DC744363-7807-4B91-BAA0-84297507DF22}.Release|Any CPU.Build.0 = Release|Any CPU
		{FFD562AE-ECC0-4B15-8AEE-2BC2FFF4CDCD}.Debug|Any CPU.ActiveCfg = Debug|Any CPU
		{FFD562AE-ECC0-4B15-8AEE-2BC2FFF4CDCD}.Debug|Any CPU.Build.0 = Debug|Any CPU
		{FFD562AE-ECC0-4B15-8AEE-2BC2FFF4CDCD}.Release|Any CPU.ActiveCfg = Release|Any CPU
		{FFD562AE-ECC0-4B15-8AEE-2BC2FFF4CDCD}.Release|Any CPU.Build.0 = Release|Any CPU
		{414DEAED-73F5-450A-BDC2-9C17A06D626C}.Debug|Any CPU.ActiveCfg = Debug|Any CPU
		{414DEAED-73F5-450A-BDC2-9C17A06D626C}.Debug|Any CPU.Build.0 = Debug|Any CPU
		{414DEAED-73F5-450A-BDC2-9C17A06D626C}.Release|Any CPU.ActiveCfg = Release|Any CPU
		{414DEAED-73F5-450A-BDC2-9C17A06D626C}.Release|Any CPU.Build.0 = Release|Any CPU
		{D317D9ED-A6F5-42A7-8DE5-13CB4249C5DA}.Debug|Any CPU.ActiveCfg = Debug|Any CPU
		{D317D9ED-A6F5-42A7-8DE5-13CB4249C5DA}.Debug|Any CPU.Build.0 = Debug|Any CPU
		{D317D9ED-A6F5-42A7-8DE5-13CB4249C5DA}.Release|Any CPU.ActiveCfg = Release|Any CPU
		{D317D9ED-A6F5-42A7-8DE5-13CB4249C5DA}.Release|Any CPU.Build.0 = Release|Any CPU
		{5EB1BAA4-3D18-462D-A404-692A329CDD4B}.Debug|Any CPU.ActiveCfg = Debug|Any CPU
		{5EB1BAA4-3D18-462D-A404-692A329CDD4B}.Debug|Any CPU.Build.0 = Debug|Any CPU
		{5EB1BAA4-3D18-462D-A404-692A329CDD4B}.Release|Any CPU.ActiveCfg = Release|Any CPU
		{5EB1BAA4-3D18-462D-A404-692A329CDD4B}.Release|Any CPU.Build.0 = Release|Any CPU
		{656086BE-2DBD-4386-BA70-F366636678F1}.Debug|Any CPU.ActiveCfg = Debug|Any CPU
		{656086BE-2DBD-4386-BA70-F366636678F1}.Debug|Any CPU.Build.0 = Debug|Any CPU
		{656086BE-2DBD-4386-BA70-F366636678F1}.Release|Any CPU.ActiveCfg = Release|Any CPU
		{656086BE-2DBD-4386-BA70-F366636678F1}.Release|Any CPU.Build.0 = Release|Any CPU
		{64639A64-21FA-4AE3-8361-E6AF9E37CD83}.Debug|Any CPU.ActiveCfg = Debug|Any CPU
		{64639A64-21FA-4AE3-8361-E6AF9E37CD83}.Debug|Any CPU.Build.0 = Debug|Any CPU
		{64639A64-21FA-4AE3-8361-E6AF9E37CD83}.Release|Any CPU.ActiveCfg = Release|Any CPU
		{64639A64-21FA-4AE3-8361-E6AF9E37CD83}.Release|Any CPU.Build.0 = Release|Any CPU
		{44B42174-4E7A-4F4B-AD9C-6CB6A1E8F829}.Debug|Any CPU.ActiveCfg = Debug|Any CPU
		{44B42174-4E7A-4F4B-AD9C-6CB6A1E8F829}.Debug|Any CPU.Build.0 = Debug|Any CPU
		{44B42174-4E7A-4F4B-AD9C-6CB6A1E8F829}.Release|Any CPU.ActiveCfg = Release|Any CPU
		{44B42174-4E7A-4F4B-AD9C-6CB6A1E8F829}.Release|Any CPU.Build.0 = Release|Any CPU
		{A2FBECBA-5FAA-4DEB-85B6-1399C8D3AF99}.Debug|Any CPU.ActiveCfg = Debug|Any CPU
		{A2FBECBA-5FAA-4DEB-85B6-1399C8D3AF99}.Debug|Any CPU.Build.0 = Debug|Any CPU
		{A2FBECBA-5FAA-4DEB-85B6-1399C8D3AF99}.Release|Any CPU.ActiveCfg = Release|Any CPU
		{A2FBECBA-5FAA-4DEB-85B6-1399C8D3AF99}.Release|Any CPU.Build.0 = Release|Any CPU
		{276CC194-7F7D-4956-B170-5EBD4B13F35B}.Debug|Any CPU.ActiveCfg = Debug|Any CPU
		{276CC194-7F7D-4956-B170-5EBD4B13F35B}.Debug|Any CPU.Build.0 = Debug|Any CPU
		{276CC194-7F7D-4956-B170-5EBD4B13F35B}.Release|Any CPU.ActiveCfg = Release|Any CPU
		{276CC194-7F7D-4956-B170-5EBD4B13F35B}.Release|Any CPU.Build.0 = Release|Any CPU
	EndGlobalSection
	GlobalSection(SolutionProperties) = preSolution
		HideSolutionNode = FALSE
	EndGlobalSection
	GlobalSection(ExtensibilityGlobals) = postSolution
		SolutionGuid = {47089CEF-2B46-472D-B2F5-931428028933}
	EndGlobalSection
EndGlobal
